<?xml version="1.0" encoding="utf-8"?>
<Project ToolsVersion="4.0" xmlns="http://schemas.microsoft.com/developer/msbuild/2003">
  <ItemGroup>
    <ClCompile Include="GPA789Projet.cpp">
      <Filter>Source Files</Filter>
    </ClCompile>
    <ClCompile Include="main.cpp">
      <Filter>Source Files</Filter>
    </ClCompile>
    <ClCompile Include="GeneratedFiles\qrc_GPA789Projet.cpp">
      <Filter>Generated Files</Filter>
    </ClCompile>
    <ClCompile Include="QAnimals.cpp">
      <Filter>Source Files</Filter>
    </ClCompile>
    <ClCompile Include="QSquirrel.cpp">
      <Filter>Source Files</Filter>
    </ClCompile>
    <ClCompile Include="QSeeds.cpp">
      <Filter>Source Files</Filter>
    </ClCompile>
    <ClCompile Include="QBirch.cpp">
      <Filter>Source Files</Filter>
    </ClCompile>
    <ClCompile Include="QDynamic.cpp">
      <Filter>Source Files</Filter>
    </ClCompile>
    <ClCompile Include="QEntity.cpp">
      <Filter>Source Files</Filter>
    </ClCompile>
    <ClCompile Include="QEnvironment.cpp">
      <Filter>Source Files</Filter>
    </ClCompile>
    <ClCompile Include="QEnvironmentalFactor.cpp">
      <Filter>Source Files</Filter>
    </ClCompile>
    <ClCompile Include="QFertility.cpp">
      <Filter>Source Files</Filter>
    </ClCompile>
    <ClCompile Include="QFir.cpp">
      <Filter>Source Files</Filter>
    </ClCompile>
    <ClCompile Include="QHazel.cpp">
      <Filter>Source Files</Filter>
    </ClCompile>
    <ClCompile Include="QLuminosity.cpp">
      <Filter>Source Files</Filter>
    </ClCompile>
    <ClCompile Include="QOak.cpp">
      <Filter>Source Files</Filter>
    </ClCompile>
    <ClCompile Include="QPrecipitation.cpp">
      <Filter>Source Files</Filter>
    </ClCompile>
    <ClCompile Include="QStatic.cpp">
      <Filter>Source Files</Filter>
    </ClCompile>
    <ClCompile Include="QTemperature.cpp">
      <Filter>Source Files</Filter>
    </ClCompile>
    <ClCompile Include="QTrees.cpp">
      <Filter>Source Files</Filter>
    </ClCompile>
    <ClCompile Include="QWind.cpp">
      <Filter>Source Files</Filter>
    </ClCompile>
    <ClCompile Include="GeneratedFiles\Debug\moc_QForestScene.cpp">
      <Filter>Generated Files</Filter>
    </ClCompile>
    <ClCompile Include="GeneratedFiles\Release\moc_QForestScene.cpp">
      <Filter>Generated Files</Filter>
    </ClCompile>
    <ClCompile Include="QForestScene.cpp">
      <Filter>Source Files</Filter>
    </ClCompile>
    <ClCompile Include="QSimulation.cpp">
      <Filter>Source Files</Filter>
    </ClCompile>
    <ClCompile Include="QStatistic.cpp">
      <Filter>Source Files</Filter>
    </ClCompile>
    <ClCompile Include="GeneratedFiles\Debug\moc_QStatistic.cpp">
      <Filter>Generated Files</Filter>
    </ClCompile>
    <ClCompile Include="GeneratedFiles\Release\moc_QStatistic.cpp">
      <Filter>Generated Files</Filter>
    </ClCompile>
    <ClCompile Include="GeneratedFiles\Debug\moc_QSimulationMenu.cpp">
      <Filter>Generated Files</Filter>
    </ClCompile>
    <ClCompile Include="GeneratedFiles\Release\moc_QSimulationMenu.cpp">
      <Filter>Generated Files</Filter>
    </ClCompile>
    <ClCompile Include="QSimulationMenu.cpp">
      <Filter>Source Files</Filter>
    </ClCompile>
    <ClCompile Include="QCyclic.cpp">
      <Filter>Source Files</Filter>
    </ClCompile>
    <ClCompile Include="QPonctual.cpp">
      <Filter>Source Files</Filter>
    </ClCompile>
    <ClCompile Include="RandomUniform.cpp">
      <Filter>Source Files</Filter>
    </ClCompile>
    <ClCompile Include="RandomGenerator.cpp">
      <Filter>Source Files</Filter>
    </ClCompile>
    <ClCompile Include="SinusTable.cpp">
      <Filter>Source Files</Filter>
    </ClCompile>
    <ClCompile Include="GeneratedFiles\Debug\moc_QCyclicOptions.cpp">
      <Filter>Generated Files</Filter>
    </ClCompile>
    <ClCompile Include="GeneratedFiles\Release\moc_QCyclicOptions.cpp">
      <Filter>Generated Files</Filter>
    </ClCompile>
    <ClCompile Include="QCyclicOptions.cpp">
      <Filter>Source Files</Filter>
    </ClCompile>
    <ClCompile Include="GeneratedFiles\Debug\moc_QSimulationAdvancementOptions.cpp">
      <Filter>Generated Files</Filter>
    </ClCompile>
    <ClCompile Include="GeneratedFiles\Release\moc_QSimulationAdvancementOptions.cpp">
      <Filter>Generated Files</Filter>
    </ClCompile>
    <ClCompile Include="QSimulationAdvancementOptions.cpp">
      <Filter>Source Files</Filter>
    </ClCompile>
    <ClCompile Include="GeneratedFiles\Debug\moc_QEnvironment.cpp">
      <Filter>Generated Files</Filter>
    </ClCompile>
    <ClCompile Include="GeneratedFiles\Release\moc_QEnvironment.cpp">
      <Filter>Generated Files</Filter>
    </ClCompile>
    <ClCompile Include="GeneratedFiles\Debug\moc_QRandomMap.cpp">
      <Filter>Generated Files</Filter>
    </ClCompile>
    <ClCompile Include="GeneratedFiles\Release\moc_QRandomMap.cpp">
      <Filter>Generated Files</Filter>
    </ClCompile>
    <ClCompile Include="QRandomMap.cpp">
      <Filter>Source Files</Filter>
    </ClCompile>
    <ClCompile Include="SimulationParameters.cpp">
      <Filter>Source Files</Filter>
    </ClCompile>
    <ClCompile Include="QEvolutionGraph.cpp">
      <Filter>Source Files</Filter>
    </ClCompile>
    <ClCompile Include="GeneratedFiles\Debug\moc_GPA789Projet.cpp">
      <Filter>Generated Files</Filter>
    </ClCompile>
    <ClCompile Include="GeneratedFiles\Release\moc_GPA789Projet.cpp">
      <Filter>Generated Files</Filter>
    </ClCompile>
    <ClCompile Include="GeneratedFiles\Debug\moc_QEvolutionGraph.cpp">
      <Filter>Generated Files</Filter>
    </ClCompile>
    <ClCompile Include="GeneratedFiles\Release\moc_QEvolutionGraph.cpp">
      <Filter>Generated Files</Filter>
    </ClCompile>
    <ClCompile Include="DoubleSinusTable.cpp">
      <Filter>Source Files</Filter>
    </ClCompile>
    <ClCompile Include="GaussianTable.cpp">
      <Filter>Source Files</Filter>
    </ClCompile>
    <ClCompile Include="FunctionTable.cpp">
      <Filter>Source Files</Filter>
    </ClCompile>
    <ClCompile Include="QSimulationTimeScale.cpp">
      <Filter>Source Files</Filter>
    </ClCompile>
    <ClCompile Include="GeneratedFiles\Debug\moc_QSimulationTimeScale.cpp">
      <Filter>Generated Files</Filter>
    </ClCompile>
    <ClCompile Include="GeneratedFiles\Release\moc_QSimulationTimeScale.cpp">
      <Filter>Generated Files</Filter>
    </ClCompile>
    <ClCompile Include="GeneratedFiles\Debug\moc_QSimulation.cpp">
      <Filter>Generated Files</Filter>
    </ClCompile>
    <ClCompile Include="GeneratedFiles\Release\moc_QSimulation.cpp">
      <Filter>Generated Files</Filter>
    </ClCompile>
    <ClCompile Include="GeneratedFiles\Debug\moc_QTreeOptions.cpp">
      <Filter>Generated Files</Filter>
    </ClCompile>
    <ClCompile Include="GeneratedFiles\Release\moc_QTreeOptions.cpp">
      <Filter>Generated Files</Filter>
    </ClCompile>
    <ClCompile Include="QTreeOptions.cpp">
      <Filter>Source Files</Filter>
    </ClCompile>
    <ClCompile Include="GeneratedFiles\Debug\moc_QAnimalOptions.cpp">
      <Filter>Generated Files</Filter>
    </ClCompile>
    <ClCompile Include="GeneratedFiles\Release\moc_QAnimalOptions.cpp">
      <Filter>Generated Files</Filter>
    </ClCompile>
    <ClCompile Include="QAnimalOptions.cpp">
      <Filter>Source Files</Filter>
    </ClCompile>
    <ClCompile Include="GeneratedFiles\Debug\moc_QStatisticAdvanceMenu.cpp">
      <Filter>Generated Files</Filter>
    </ClCompile>
    <ClCompile Include="GeneratedFiles\Release\moc_QStatisticAdvanceMenu.cpp">
      <Filter>Generated Files</Filter>
    </ClCompile>
    <ClCompile Include="QStatisticAdvanceMenu.cpp">
      <Filter>Source Files</Filter>
    </ClCompile>
  </ItemGroup>
  <ItemGroup>
    <Filter Include="Resource Files">
      <UniqueIdentifier>{D9D6E242-F8AF-46E4-B9FD-80ECBC20BA3E}</UniqueIdentifier>
      <Extensions>qrc;*</Extensions>
      <ParseFiles>false</ParseFiles>
    </Filter>
    <Filter Include="Source Files">
      <UniqueIdentifier>{4FC737F1-C7A5-4376-A066-2A32D752A2FF}</UniqueIdentifier>
      <Extensions>cpp;c;cc;cxx;def;odl;idl;hpj;bat;asm;asmx</Extensions>
      <ParseFiles>true</ParseFiles>
    </Filter>
    <Filter Include="Header Files">
      <UniqueIdentifier>{93995380-89BD-4b04-88EB-625FBE52EBFB}</UniqueIdentifier>
      <Extensions>h;hh;hpp;hxx;hm;inl;inc;xsd</Extensions>
      <ParseFiles>true</ParseFiles>
    </Filter>
    <Filter Include="Generated Files">
      <UniqueIdentifier>{71ED8ED8-ACB9-4CE9-BBE1-E00B30144E11}</UniqueIdentifier>
      <Extensions>moc;h;cpp</Extensions>
      <ParseFiles>true</ParseFiles>
    </Filter>
    <Filter Include="Form Files">
      <UniqueIdentifier>{99349809-55BA-4b9d-BF79-8FDBB0286EB3}</UniqueIdentifier>
      <Extensions>ui</Extensions>
      <ParseFiles>true</ParseFiles>
    </Filter>
  </ItemGroup>
  <ItemGroup>
    <CustomBuild Include="GPA789Projet.ui">
      <Filter>Form Files</Filter>
    </CustomBuild>
    <CustomBuild Include="GPA789Projet.qrc">
      <Filter>Resource Files</Filter>
    </CustomBuild>
    <CustomBuild Include="GPA789Projet.h">
      <Filter>Header Files</Filter>
    </CustomBuild>
    <CustomBuild Include="QBirch.h">
      <Filter>Header Files</Filter>
    </CustomBuild>
    <CustomBuild Include="QCyclicOptions.h">
      <Filter>Header Files</Filter>
    </CustomBuild>
    <CustomBuild Include="QEntity.h">
      <Filter>Header Files</Filter>
    </CustomBuild>
    <CustomBuild Include="QEnvironment.h">
      <Filter>Header Files</Filter>
    </CustomBuild>
    <CustomBuild Include="QEnvironmentalFactor.h">
      <Filter>Header Files</Filter>
    </CustomBuild>
    <CustomBuild Include="QFertility.h">
      <Filter>Header Files</Filter>
    </CustomBuild>
    <CustomBuild Include="QFir.h">
      <Filter>Header Files</Filter>
    </CustomBuild>
    <CustomBuild Include="QForestScene.h">
      <Filter>Header Files</Filter>
    </CustomBuild>
    <CustomBuild Include="QHazel.h">
      <Filter>Header Files</Filter>
    </CustomBuild>
    <CustomBuild Include="QOak.h">
      <Filter>Header Files</Filter>
    </CustomBuild>
    <CustomBuild Include="QRandomMap.h">
      <Filter>Header Files</Filter>
    </CustomBuild>
    <CustomBuild Include="QSimulation.h">
      <Filter>Header Files</Filter>
    </CustomBuild>
    <CustomBuild Include="QSimulationAdvancementOptions.h">
      <Filter>Header Files</Filter>
    </CustomBuild>
    <CustomBuild Include="QSimulationMenu.h">
      <Filter>Header Files</Filter>
    </CustomBuild>
    <CustomBuild Include="QStatistic.h">
      <Filter>Header Files</Filter>
    </CustomBuild>
    <CustomBuild Include="QEvolutionGraph.h">
      <Filter>Header Files</Filter>
    </CustomBuild>
    <CustomBuild Include="QTrees.h">
      <Filter>Header Files</Filter>
    </CustomBuild>
    <CustomBuild Include="QSimulationTimeScale.h">
      <Filter>Header Files</Filter>
    </CustomBuild>
    <CustomBuild Include="QTreeOptions.h">
      <Filter>Header Files</Filter>
    </CustomBuild>
    <CustomBuild Include="QAnimalOptions.h">
      <Filter>Header Files</Filter>
    </CustomBuild>
    <CustomBuild Include="QStatisticAdvanceMenu.h">
      <Filter>Header Files</Filter>
    </CustomBuild>
  </ItemGroup>
  <ItemGroup>
    <ClInclude Include="GeneratedFiles\ui_GPA789Projet.h">
      <Filter>Generated Files</Filter>
    </ClInclude>
    <ClInclude Include="QAnimals.h">
      <Filter>Header Files</Filter>
    </ClInclude>
    <ClInclude Include="QCyclic.h">
      <Filter>Header Files</Filter>
    </ClInclude>
    <ClInclude Include="QDynamic.h">
      <Filter>Header Files</Filter>
    </ClInclude>
    <ClInclude Include="QLuminosity.h">
      <Filter>Header Files</Filter>
    </ClInclude>
    <ClInclude Include="QPonctual.h">
      <Filter>Header Files</Filter>
    </ClInclude>
    <ClInclude Include="QPrecipitation.h">
      <Filter>Header Files</Filter>
    </ClInclude>
    <ClInclude Include="QSeeds.h">
      <Filter>Header Files</Filter>
    </ClInclude>
    <ClInclude Include="QSquirrel.h">
      <Filter>Header Files</Filter>
    </ClInclude>
    <ClInclude Include="QStatic.h">
      <Filter>Header Files</Filter>
    </ClInclude>
    <ClInclude Include="QTemperature.h">
      <Filter>Header Files</Filter>
    </ClInclude>
    <ClInclude Include="QWind.h">
      <Filter>Header Files</Filter>
    </ClInclude>
    <ClInclude Include="RandomGenerator.h">
      <Filter>Header Files</Filter>
    </ClInclude>
    <ClInclude Include="RandomUniform.h">
      <Filter>Header Files</Filter>
    </ClInclude>
    <ClInclude Include="resource.h">
      <Filter>Header Files</Filter>
    </ClInclude>
    <ClInclude Include="SimulationParameters.h">
      <Filter>Header Files</Filter>
    </ClInclude>
    <ClInclude Include="SinusTable.h">
      <Filter>Header Files</Filter>
    </ClInclude>
    <ClInclude Include="DoubleSinusTable.h">
      <Filter>Header Files</Filter>
    </ClInclude>
    <ClInclude Include="SimulationStatistics.h">
      <Filter>Header Files</Filter>
    </ClInclude>
    <ClInclude Include="GaussianTable.h">
      <Filter>Header Files</Filter>
    </ClInclude>
    <ClInclude Include="FunctionTable.h">
      <Filter>Header Files</Filter>
    </ClInclude>
  </ItemGroup>
  <ItemGroup>
    <ResourceCompile Include="GPA789-Projet.rc" />
  </ItemGroup>
</Project>