<?xml version="1.0" encoding="utf-8"?>
<Project ToolsVersion="4.0" xmlns="http://schemas.microsoft.com/developer/msbuild/2003">
  <ItemGroup>
    <ClCompile Include="GPA789Projet.cpp">
      <Filter>Source Files</Filter>
    </ClCompile>
    <ClCompile Include="GeneratedFiles\Debug\moc_GPA789Projet.cpp">
      <Filter>Generated Files</Filter>
    </ClCompile>
    <ClCompile Include="GeneratedFiles\Release\moc_GPA789Projet.cpp">
      <Filter>Generated Files</Filter>
    </ClCompile>
    <ClCompile Include="GeneratedFiles\qrc_GPA789Projet.cpp">
      <Filter>Generated Files</Filter>
    </ClCompile>
    <ClCompile Include="main.cpp">
      <Filter>Source Files</Filter>
    </ClCompile>
    <ClCompile Include="Animals.cpp">
      <Filter>Source Files</Filter>
    </ClCompile>
    <ClCompile Include="Birch.cpp">
      <Filter>Source Files</Filter>
    </ClCompile>
    <ClCompile Include="Dynamic.cpp">
      <Filter>Source Files</Filter>
    </ClCompile>
    <ClCompile Include="Entity.cpp">
      <Filter>Source Files</Filter>
    </ClCompile>
    <ClCompile Include="Fir.cpp">
      <Filter>Source Files</Filter>
    </ClCompile>
    <ClCompile Include="Hazel.cpp">
      <Filter>Source Files</Filter>
    </ClCompile>
    <ClCompile Include="Oak.cpp">
      <Filter>Source Files</Filter>
    </ClCompile>
    <ClCompile Include="Seeds.cpp">
      <Filter>Source Files</Filter>
    </ClCompile>
    <ClCompile Include="Squirrel.cpp">
      <Filter>Source Files</Filter>
    </ClCompile>
    <ClCompile Include="Static.cpp">
      <Filter>Source Files</Filter>
    </ClCompile>
    <ClCompile Include="Trees.cpp">
      <Filter>Source Files</Filter>
    </ClCompile>
    <ClCompile Include="GeneratedFiles\Debug\moc_EnvironmentalFactor.cpp">
      <Filter>Generated Files</Filter>
    </ClCompile>
    <ClCompile Include="GeneratedFiles\Release\moc_EnvironmentalFactor.cpp">
      <Filter>Generated Files</Filter>
    </ClCompile>
    <ClCompile Include="EnvironmentalFactor.cpp">
      <Filter>Source Files</Filter>
    </ClCompile>
    <ClCompile Include="Environment.cpp">
      <Filter>Source Files</Filter>
    </ClCompile>
    <ClCompile Include="Global.cpp">
      <Filter>Source Files</Filter>
    </ClCompile>
    <ClCompile Include="Luminosity.cpp">
      <Filter>Source Files</Filter>
    </ClCompile>
    <ClCompile Include="Wind.cpp">
      <Filter>Source Files</Filter>
    </ClCompile>
    <ClCompile Include="Precipitation.cpp">
      <Filter>Source Files</Filter>
    </ClCompile>
    <ClCompile Include="Temperature.cpp">
      <Filter>Source Files</Filter>
    </ClCompile>
    <ClCompile Include="Local.cpp">
      <Filter>Source Files</Filter>
    </ClCompile>
    <ClCompile Include="Fertility.cpp">
      <Filter>Source Files</Filter>
    </ClCompile>
    <ClCompile Include="GeneratedFiles\Debug\moc_Fertility.cpp">
      <Filter>Generated Files</Filter>
    </ClCompile>
    <ClCompile Include="GeneratedFiles\Release\moc_Fertility.cpp">
      <Filter>Generated Files</Filter>
    </ClCompile>
    <ClCompile Include="GeneratedFiles\Debug\moc_Entity.cpp">
      <Filter>Generated Files</Filter>
    </ClCompile>
    <ClCompile Include="GeneratedFiles\Release\moc_Entity.cpp">
      <Filter>Generated Files</Filter>
    </ClCompile>
  </ItemGroup>
  <ItemGroup>
    <Filter Include="Resource Files">
      <UniqueIdentifier>{D9D6E242-F8AF-46E4-B9FD-80ECBC20BA3E}</UniqueIdentifier>
      <Extensions>qrc;*</Extensions>
      <ParseFiles>false</ParseFiles>
    </Filter>
    <Filter Include="Source Files">
      <UniqueIdentifier>{4FC737F1-C7A5-4376-A066-2A32D752A2FF}</UniqueIdentifier>
      <Extensions>cpp;c;cc;cxx;def;odl;idl;hpj;bat;asm;asmx</Extensions>
      <ParseFiles>true</ParseFiles>
    </Filter>
    <Filter Include="Header Files">
      <UniqueIdentifier>{93995380-89BD-4b04-88EB-625FBE52EBFB}</UniqueIdentifier>
      <Extensions>h;hh;hpp;hxx;hm;inl;inc;xsd</Extensions>
      <ParseFiles>true</ParseFiles>
    </Filter>
    <Filter Include="Generated Files">
      <UniqueIdentifier>{71ED8ED8-ACB9-4CE9-BBE1-E00B30144E11}</UniqueIdentifier>
      <Extensions>moc;h;cpp</Extensions>
      <ParseFiles>true</ParseFiles>
    </Filter>
    <Filter Include="Form Files">
      <UniqueIdentifier>{99349809-55BA-4b9d-BF79-8FDBB0286EB3}</UniqueIdentifier>
      <Extensions>ui</Extensions>
      <ParseFiles>true</ParseFiles>
    </Filter>
  </ItemGroup>
  <ItemGroup>
    <CustomBuild Include="GPA789Projet.h">
      <Filter>Header Files</Filter>
    </CustomBuild>
    <CustomBuild Include="GPA789Projet.ui">
      <Filter>Form Files</Filter>
    </CustomBuild>
    <CustomBuild Include="GPA789Projet.qrc">
      <Filter>Resource Files</Filter>
    </CustomBuild>
    <CustomBuild Include="Entity.h">
      <Filter>Header Files</Filter>
    </CustomBuild>
    <CustomBuild Include="Hazel.h">
      <Filter>Header Files</Filter>
    </CustomBuild>
    <CustomBuild Include="Birch.h">
      <Filter>Header Files</Filter>
    </CustomBuild>
    <CustomBuild Include="Fir.h">
      <Filter>Header Files</Filter>
    </CustomBuild>
    <CustomBuild Include="Oak.h">
      <Filter>Header Files</Filter>
    </CustomBuild>
    <CustomBuild Include="Trees.h">
      <Filter>Header Files</Filter>
    </CustomBuild>
    <CustomBuild Include="EnvironmentalFactor.h">
      <Filter>Header Files</Filter>
    </CustomBuild>
    <CustomBuild Include="Fertility.h">
      <Filter>Header Files</Filter>
    </CustomBuild>
  </ItemGroup>
  <ItemGroup>
    <ClInclude Include="GeneratedFiles\ui_GPA789Projet.h">
      <Filter>Generated Files</Filter>
    </ClInclude>
    <ClInclude Include="Animals.h">
      <Filter>Header Files</Filter>
    </ClInclude>
    <ClInclude Include="Dynamic.h">
      <Filter>Header Files</Filter>
    </ClInclude>
    <ClInclude Include="Seeds.h">
      <Filter>Header Files</Filter>
    </ClInclude>
    <ClInclude Include="Squirrel.h">
      <Filter>Header Files</Filter>
    </ClInclude>
    <ClInclude Include="Static.h">
      <Filter>Header Files</Filter>
    </ClInclude>
    <ClInclude Include="Environment.h">
      <Filter>Header Files</Filter>
    </ClInclude>
    <ClInclude Include="Global.h">
      <Filter>Header Files</Filter>
    </ClInclude>
    <ClInclude Include="Luminosity.h">
      <Filter>Header Files</Filter>
    </ClInclude>
    <ClInclude Include="Wind.h">
      <Filter>Header Files</Filter>
    </ClInclude>
    <ClInclude Include="Precipitation.h">
      <Filter>Header Files</Filter>
    </ClInclude>
    <ClInclude Include="Temperature.h">
      <Filter>Header Files</Filter>
    </ClInclude>
    <ClInclude Include="Local.h">
      <Filter>Header Files</Filter>
    </ClInclude>
  </ItemGroup>
</Project>